<?xml version="1.0" encoding="utf-8"?>
<Project ToolsVersion="4.0" xmlns="http://schemas.microsoft.com/developer/msbuild/2003">
  <ItemGroup>
    <ClInclude Include="WFC++\Nullable.hpp">
      <Filter>Helper Classes</Filter>
    </ClInclude>
    <ClInclude Include="WFC++\Vector2i.h">
      <Filter>Helper Classes</Filter>
    </ClInclude>
    <ClInclude Include="WFC++\Array2D.hpp">
      <Filter>Helper Classes</Filter>
    </ClInclude>
    <ClInclude Include="WFC++\Dictionary.hpp">
      <Filter>Helper Classes</Filter>
    </ClInclude>
    <ClInclude Include="WFC++\List.hpp">
      <Filter>Helper Classes</Filter>
    </ClInclude>
    <ClInclude Include="WFC++\HelperClasses.h" />
    <ClInclude Include="WFC++\Platform.h" />
    <ClInclude Include="WFC++\Simple\InputData.h">
      <Filter>Generator Classes\Simple</Filter>
    </ClInclude>
    <ClInclude Include="WFC++\Simple\Pattern.h">
      <Filter>Generator Classes\Simple</Filter>
    </ClInclude>
    <ClInclude Include="WFC++\Simple\State.h">
      <Filter>Generator Classes\Simple</Filter>
    </ClInclude>
    <ClInclude Include="WFC++\Tiled\InputData.h">
      <Filter>Generator Classes\Tiled</Filter>
    </ClInclude>
    <ClInclude Include="WFC++\Tiled\State.h">
      <Filter>Generator Classes\Tiled</Filter>
    </ClInclude>
    <ClInclude Include="WFC++\Tiled\Tile.hpp">
      <Filter>Generator Classes\Tiled</Filter>
    </ClInclude>
    <ClInclude Include="WFC++\Set.hpp">
      <Filter>Helper Classes</Filter>
    </ClInclude>
    <ClInclude Include="WFC++\EnumFlags.h">
      <Filter>Helper Classes</Filter>
    </ClInclude>
    <ClInclude Include="WFC++\Tiled\TilePermutator.h">
      <Filter>Generator Classes\Tiled</Filter>
    </ClInclude>
    <ClInclude Include="WFC++\Array3D.hpp">
      <Filter>Helper Classes</Filter>
    </ClInclude>
    <ClInclude Include="WFC++\Vector3i.h">
      <Filter>Helper Classes</Filter>
    </ClInclude>
    <ClInclude Include="WFC++\WFCMath.h">
      <Filter>Helper Classes</Filter>
    </ClInclude>
    <ClInclude Include="WFC++\Tiled3D\Transform3D.h">
      <Filter>Generator Classes\Tiled3D</Filter>
    </ClInclude>
    <ClInclude Include="WFC++\Tiled3D\InputData.h">
      <Filter>Generator Classes\Tiled3D</Filter>
    </ClInclude>
    <ClInclude Include="WFC++\Tiled3D\Tile.hpp">
      <Filter>Generator Classes\Tiled3D</Filter>
    </ClInclude>
    <ClInclude Include="WFC++\Tiled3D\State.h">
      <Filter>Generator Classes\Tiled3D</Filter>
    </ClInclude>
    <ClInclude Include="WFC++\Tiled3D\TilePermutator.h">
      <Filter>Generator Classes\Tiled3D</Filter>
    </ClInclude>
  </ItemGroup>
  <ItemGroup>
    <Filter Include="Helper Classes">
      <UniqueIdentifier>{88dc1f86-6eff-45d5-83cc-0818b797f611}</UniqueIdentifier>
    </Filter>
    <Filter Include="Generator Classes">
      <UniqueIdentifier>{a9d77f97-4a85-4d0d-a950-cbc1b00ec7a1}</UniqueIdentifier>
    </Filter>
    <Filter Include="Generator Classes\Simple">
      <UniqueIdentifier>{765c03fd-88b1-4127-9294-4dab7529dd1c}</UniqueIdentifier>
    </Filter>
    <Filter Include="Generator Classes\Tiled">
      <UniqueIdentifier>{0269a151-36ad-4c76-b778-79c39a4f0a93}</UniqueIdentifier>
    </Filter>
    <Filter Include="Generator Classes\Tiled3D">
      <UniqueIdentifier>{121f403f-0d14-4448-92fb-0d22215d6e55}</UniqueIdentifier>
    </Filter>
  </ItemGroup>
  <ItemGroup>
    <ClCompile Include="WFC++\Vector2i.cpp">
      <Filter>Helper Classes</Filter>
    </ClCompile>
    <ClCompile Include="WFC++\Simple\InputData.cpp">
      <Filter>Generator Classes\Simple</Filter>
    </ClCompile>
    <ClCompile Include="WFC++\Simple\Pattern.cpp">
      <Filter>Generator Classes\Simple</Filter>
    </ClCompile>
    <ClCompile Include="WFC++\Simple\State.cpp">
      <Filter>Generator Classes\Simple</Filter>
    </ClCompile>
    <ClCompile Include="WFC++\Tiled\InputData.cpp">
      <Filter>Generator Classes\Tiled</Filter>
    </ClCompile>
    <ClCompile Include="WFC++\Tiled\State.cpp">
      <Filter>Generator Classes\Tiled</Filter>
    </ClCompile>
    <ClCompile Include="WFC++\Tiled\TilePermutator.cpp">
      <Filter>Generator Classes\Tiled</Filter>
    </ClCompile>
    <ClCompile Include="WFC++\Vector3i.cpp">
      <Filter>Helper Classes</Filter>
    </ClCompile>
    <ClCompile Include="WFC++\Tiled3D\Transform3D.cpp">
      <Filter>Generator Classes\Tiled3D</Filter>
    </ClCompile>
    <ClCompile Include="WFC++\Tiled3D\InputData.cpp">
      <Filter>Generator Classes\Tiled3D</Filter>
    </ClCompile>
    <ClCompile Include="WFC++\Tiled3D\State.cpp">
      <Filter>Generator Classes\Tiled3D</Filter>
    </ClCompile>
    <ClCompile Include="WFC++\Tiled3D\TilePermutator.cpp">
      <Filter>Generator Classes\Tiled3D</Filter>
    </ClCompile>
  </ItemGroup>
</Project>